lockfileVersion: '6.0'

settings:
  autoInstallPeers: true
  excludeLinksFromLockfile: false

devDependencies:
  '@types/animejs':
    specifier: ^3.1.7
    version: 3.1.7
  '@types/uuid':
    specifier: ^9.0.1
    version: 9.0.1
  '@vueuse/core':
    specifier: ^10.1.0
    version: 10.1.0(vue@3.3.4)
  '@vueuse/integrations':
    specifier: ^10.1.2
    version: 10.1.2(focus-trap@7.4.3)(vue@3.3.4)
  '@vueuse/shared':
    specifier: ^10.1.2
    version: 10.1.2(vue@3.3.4)
  animejs:
    specifier: ^3.2.1
    version: 3.2.1
  focus-trap:
    specifier: ^7.4.3
    version: 7.4.3
  hls.js:
    specifier: ^1.4.3
    version: 1.4.3
  mitt:
    specifier: ^3.0.0
    version: 3.0.0
  uuid:
    specifier: ^9.0.0
    version: 9.0.0

packages:

  /@babel/helper-string-parser@7.22.5:
    resolution: {integrity: sha512-mM4COjgZox8U+JcXQwPijIZLElkgEpO5rsERVDJTc2qfCDfERyob6k5WegS14SX18IIjv+XD+GrqNumY5JRCDw==}
    engines: {node: '>=6.9.0'}
    dev: true

  /@babel/helper-validator-identifier@7.22.5:
    resolution: {integrity: sha512-aJXu+6lErq8ltp+JhkJUfk1MTGyuA4v7f3pA+BJ5HLfNC6nAQ0Cpi9uOquUj8Hehg0aUiHzWQbOVJGao6ztBAQ==}
    engines: {node: '>=6.9.0'}
    dev: true

  /@babel/parser@7.22.5:
    resolution: {integrity: sha512-DFZMC9LJUG9PLOclRC32G63UXwzqS2koQC8dkx+PLdmt1xSePYpbT/NbsrJy8Q/muXz7o/h/d4A7Fuyixm559Q==}
    engines: {node: '>=6.0.0'}
    hasBin: true
    dependencies:
      '@babel/types': 7.22.5
    dev: true

  /@babel/types@7.22.5:
    resolution: {integrity: sha512-zo3MIHGOkPOfoRXitsgHLjEXmlDaD/5KU1Uzuc9GNiZPhSqVxVRtxuPaSBZDsYZ9qV88AjtMtWW7ww98loJ9KA==}
    engines: {node: '>=6.9.0'}
    dependencies:
      '@babel/helper-string-parser': 7.22.5
      '@babel/helper-validator-identifier': 7.22.5
      to-fast-properties: 2.0.0
    dev: true

  /@jridgewell/sourcemap-codec@1.4.15:
    resolution: {integrity: sha512-eF2rxCRulEKXHTRiDrDy6erMYWqNw4LPdQ8UQA4huuxaQsVeRPFl2oM8oDGxMFhJUWZf9McpLtJasDDZb/Bpeg==}
    dev: true

  /@types/animejs@3.1.7:
    resolution: {integrity: sha512-kFSyjM+fLo3oE9noWEtUvF82ttN8fTrKohiEMIrSzEzEjnsCmtO0rBCUQBlSPEb2w8vfN+v4/Zo0tK21Bgmq4g==}
    dev: true

  /@types/uuid@9.0.1:
    resolution: {integrity: sha512-rFT3ak0/2trgvp4yYZo5iKFEPsET7vKydKF+VRCxlQ9bpheehyAJH89dAkaLEq/j/RZXJIqcgsmPJKUP1Z28HA==}
    dev: true

  /@types/web-bluetooth@0.0.16:
    resolution: {integrity: sha512-oh8q2Zc32S6gd/j50GowEjKLoOVOwHP/bWVjKJInBwQqdOYMdPrf1oVlelTlyfFK3CKxL1uahMDAr+vy8T7yMQ==}
    dev: true

  /@types/web-bluetooth@0.0.17:
    resolution: {integrity: sha512-4p9vcSmxAayx72yn70joFoL44c9MO/0+iVEBIQXe3v2h2SiAsEIo/G5v6ObFWvNKRFjbrVadNf9LqEEZeQPzdA==}
    dev: true

  /@vue/compiler-core@3.3.4:
    resolution: {integrity: sha512-cquyDNvZ6jTbf/+x+AgM2Arrp6G4Dzbb0R64jiG804HRMfRiFXWI6kqUVqZ6ZR0bQhIoQjB4+2bhNtVwndW15g==}
    dependencies:
      '@babel/parser': 7.22.5
      '@vue/shared': 3.3.4
      estree-walker: 2.0.2
      source-map-js: 1.0.2
    dev: true

  /@vue/compiler-dom@3.3.4:
    resolution: {integrity: sha512-wyM+OjOVpuUukIq6p5+nwHYtj9cFroz9cwkfmP9O1nzH68BenTTv0u7/ndggT8cIQlnBeOo6sUT/gvHcIkLA5w==}
    dependencies:
      '@vue/compiler-core': 3.3.4
      '@vue/shared': 3.3.4
    dev: true

  /@vue/compiler-sfc@3.3.4:
    resolution: {integrity: sha512-6y/d8uw+5TkCuzBkgLS0v3lSM3hJDntFEiUORM11pQ/hKvkhSKZrXW6i69UyXlJQisJxuUEJKAWEqWbWsLeNKQ==}
    dependencies:
      '@babel/parser': 7.22.5
      '@vue/compiler-core': 3.3.4
      '@vue/compiler-dom': 3.3.4
      '@vue/compiler-ssr': 3.3.4
      '@vue/reactivity-transform': 3.3.4
      '@vue/shared': 3.3.4
      estree-walker: 2.0.2
      magic-string: 0.30.0
      postcss: 8.4.24
      source-map-js: 1.0.2
    dev: true

  /@vue/compiler-ssr@3.3.4:
    resolution: {integrity: sha512-m0v6oKpup2nMSehwA6Uuu+j+wEwcy7QmwMkVNVfrV9P2qE5KshC6RwOCq8fjGS/Eak/uNb8AaWekfiXxbBB6gQ==}
    dependencies:
      '@vue/compiler-dom': 3.3.4
      '@vue/shared': 3.3.4
    dev: true

  /@vue/reactivity-transform@3.3.4:
    resolution: {integrity: sha512-MXgwjako4nu5WFLAjpBnCj/ieqcjE2aJBINUNQzkZQfzIZA4xn+0fV1tIYBJvvva3N3OvKGofRLvQIwEQPpaXw==}
    dependencies:
      '@babel/parser': 7.22.5
      '@vue/compiler-core': 3.3.4
      '@vue/shared': 3.3.4
      estree-walker: 2.0.2
      magic-string: 0.30.0
    dev: true

  /@vue/reactivity@3.3.4:
    resolution: {integrity: sha512-kLTDLwd0B1jG08NBF3R5rqULtv/f8x3rOFByTDz4J53ttIQEDmALqKqXY0J+XQeN0aV2FBxY8nJDf88yvOPAqQ==}
    dependencies:
      '@vue/shared': 3.3.4
    dev: true

  /@vue/runtime-core@3.3.4:
    resolution: {integrity: sha512-R+bqxMN6pWO7zGI4OMlmvePOdP2c93GsHFM/siJI7O2nxFRzj55pLwkpCedEY+bTMgp5miZ8CxfIZo3S+gFqvA==}
    dependencies:
      '@vue/reactivity': 3.3.4
      '@vue/shared': 3.3.4
    dev: true

  /@vue/runtime-dom@3.3.4:
    resolution: {integrity: sha512-Aj5bTJ3u5sFsUckRghsNjVTtxZQ1OyMWCr5dZRAPijF/0Vy4xEoRCwLyHXcj4D0UFbJ4lbx3gPTgg06K/GnPnQ==}
    dependencies:
      '@vue/runtime-core': 3.3.4
      '@vue/shared': 3.3.4
      csstype: 3.1.2
    dev: true

  /@vue/server-renderer@3.3.4(vue@3.3.4):
    resolution: {integrity: sha512-Q6jDDzR23ViIb67v+vM1Dqntu+HUexQcsWKhhQa4ARVzxOY2HbC7QRW/ggkDBd5BU+uM1sV6XOAP0b216o34JQ==}
    peerDependencies:
      vue: 3.3.4
    dependencies:
      '@vue/compiler-ssr': 3.3.4
      '@vue/shared': 3.3.4
      vue: 3.3.4
    dev: true

  /@vue/shared@3.3.4:
    resolution: {integrity: sha512-7OjdcV8vQ74eiz1TZLzZP4JwqM5fA94K6yntPS5Z25r9HDuGNzaGdgvwKYq6S+MxwF0TFRwe50fIR/MYnakdkQ==}
    dev: true

  /@vueuse/core@10.1.0(vue@3.3.4):
    resolution: {integrity: sha512-3Znoa5m5RO+z4/C9w6DRaKTR3wCVJvD5rav8HTDGsr+7rOZRHtcgFJ8NcCs0ZvIpmev2kExTa311ns5j2RbzDQ==}
    dependencies:
      '@types/web-bluetooth': 0.0.16
      '@vueuse/metadata': 10.1.0
      '@vueuse/shared': 10.1.0(vue@3.3.4)
      vue-demi: 0.14.5(vue@3.3.4)
    transitivePeerDependencies:
      - '@vue/composition-api'
      - vue
    dev: true

  /@vueuse/core@10.1.2(vue@3.3.4):
    resolution: {integrity: sha512-roNn8WuerI56A5uiTyF/TEYX0Y+VKlhZAF94unUfdhbDUI+NfwQMn4FUnUscIRUhv3344qvAghopU4bzLPNFlA==}
    dependencies:
      '@types/web-bluetooth': 0.0.17
      '@vueuse/metadata': 10.1.2
      '@vueuse/shared': 10.1.2(vue@3.3.4)
      vue-demi: 0.14.5(vue@3.3.4)
    transitivePeerDependencies:
      - '@vue/composition-api'
      - vue
    dev: true

  /@vueuse/integrations@10.1.2(focus-trap@7.4.3)(vue@3.3.4):
    resolution: {integrity: sha512-wUpG3Wv6LiWerOwCzOAM0iGhNQ4vfFUTkhj/xQy7TLXduh2M3D8N08aS0KqlxsejY6R8NLxydDIM+68QfHZZ8Q==}
    peerDependencies:
      async-validator: '*'
      axios: '*'
      change-case: '*'
      drauu: '*'
      focus-trap: '*'
      fuse.js: '*'
      idb-keyval: '*'
      jwt-decode: '*'
      nprogress: '*'
      qrcode: '*'
      sortablejs: '*'
      universal-cookie: '*'
    peerDependenciesMeta:
      async-validator:
        optional: true
      axios:
        optional: true
      change-case:
        optional: true
      drauu:
        optional: true
      focus-trap:
        optional: true
      fuse.js:
        optional: true
      idb-keyval:
        optional: true
      jwt-decode:
        optional: true
      nprogress:
        optional: true
      qrcode:
        optional: true
      sortablejs:
        optional: true
      universal-cookie:
        optional: true
    dependencies:
      '@vueuse/core': 10.1.2(vue@3.3.4)
      '@vueuse/shared': 10.1.2(vue@3.3.4)
      focus-trap: 7.4.3
      vue-demi: 0.14.5(vue@3.3.4)
    transitivePeerDependencies:
      - '@vue/composition-api'
      - vue
    dev: true

  /@vueuse/metadata@10.1.0:
    resolution: {integrity: sha512-cM28HjDEw5FIrPE9rgSPFZvQ0ZYnOLAOr8hl1XM6tFl80U3WAR5ROdnAqiYybniwP5gt9MKKAJAqd/ab2aHkqg==}
    dev: true

  /@vueuse/metadata@10.1.2:
    resolution: {integrity: sha512-3mc5BqN9aU2SqBeBuWE7ne4OtXHoHKggNgxZR2K+zIW4YLsy6xoZ4/9vErQs6tvoKDX6QAqm3lvsrv0mczAwIQ==}
    dev: true

  /@vueuse/shared@10.1.0(vue@3.3.4):
    resolution: {integrity: sha512-2X52ogu12i9DkKOQ01yeb/BKg9UO87RNnpm5sXkQvyORlbq8ONS5l39MYkjkeVWWjdT0teJru7a2S41dmHmqjQ==}
    dependencies:
      vue-demi: 0.14.5(vue@3.3.4)
    transitivePeerDependencies:
      - '@vue/composition-api'
      - vue
    dev: true

  /@vueuse/shared@10.1.2(vue@3.3.4):
    resolution: {integrity: sha512-1uoUTPBlgyscK9v6ScGeVYDDzlPSFXBlxuK7SfrDGyUTBiznb3mNceqhwvZHjtDRELZEN79V5uWPTF1VDV8svA==}
    dependencies:
      vue-demi: 0.14.5(vue@3.3.4)
    transitivePeerDependencies:
      - '@vue/composition-api'
      - vue
    dev: true

  /animejs@3.2.1:
    resolution: {integrity: sha512-sWno3ugFryK5nhiDm/2BKeFCpZv7vzerWUcUPyAZLDhMek3+S/p418ldZJbJXo5ZUOpfm2kP2XRO4NJcULMy9A==}
    dev: true

  /csstype@3.1.2:
    resolution: {integrity: sha512-I7K1Uu0MBPzaFKg4nI5Q7Vs2t+3gWWW648spaF+Rg7pI9ds18Ugn+lvg4SHczUdKlHI5LWBXyqfS8+DufyBsgQ==}
    dev: true

  /estree-walker@2.0.2:
    resolution: {integrity: sha512-Rfkk/Mp/DL7JVje3u18FxFujQlTNR2q6QfMSMB7AvCBx91NGj/ba3kCfza0f6dVDbw7YlRf/nDrn7pQrCCyQ/w==}
    dev: true

  /focus-trap@7.4.3:
    resolution: {integrity: sha512-BgSSbK4GPnS2VbtZ50VtOv1Sti6DIkj3+LkVjiWMNjLeAp1SH1UlLx3ULu/DCu4vq5R4/uvTm+zrvsMsuYmGLg==}
    dependencies:
      tabbable: 6.2.0
    dev: true

  /hls.js@1.4.3:
    resolution: {integrity: sha512-EE1MjIYDNO+ynbmCpAWfhUwQpyG8gUcKKuGDGgYgfRmW/g+inQUQ8sVVVY5WZaCxEGxDMGLbXhXGepkmDIMvdw==}
    dev: true

  /magic-string@0.30.0:
    resolution: {integrity: sha512-LA+31JYDJLs82r2ScLrlz1GjSgu66ZV518eyWT+S8VhyQn/JL0u9MeBOvQMGYiPk1DBiSN9DDMOcXvigJZaViQ==}
    engines: {node: '>=12'}
    dependencies:
      '@jridgewell/sourcemap-codec': 1.4.15
    dev: true

  /mitt@3.0.0:
    resolution: {integrity: sha512-7dX2/10ITVyqh4aOSVI9gdape+t9l2/8QxHrFmUXu4EEUpdlxl6RudZUPZoc+zuY2hk1j7XxVroIVIan/pD/SQ==}
    dev: true

  /nanoid@3.3.6:
    resolution: {integrity: sha512-BGcqMMJuToF7i1rt+2PWSNVnWIkGCU78jBG3RxO/bZlnZPK2Cmi2QaffxGO/2RvWi9sL+FAiRiXMgsyxQ1DIDA==}
    engines: {node: ^10 || ^12 || ^13.7 || ^14 || >=15.0.1}
    hasBin: true
    dev: true

  /picocolors@1.0.0:
    resolution: {integrity: sha512-1fygroTLlHu66zi26VoTDv8yRgm0Fccecssto+MhsZ0D/DGW2sm8E8AjW7NU5VVTRt5GxbeZ5qBuJr+HyLYkjQ==}
    dev: true

  /postcss@8.4.24:
    resolution: {integrity: sha512-M0RzbcI0sO/XJNucsGjvWU9ERWxb/ytp1w6dKtxTKgixdtQDq4rmx/g8W1hnaheq9jgwL/oyEdH5Bc4WwJKMqg==}
    engines: {node: ^10 || ^12 || >=14}
    dependencies:
      nanoid: 3.3.6
      picocolors: 1.0.0
      source-map-js: 1.0.2
    dev: true

  /source-map-js@1.0.2:
    resolution: {integrity: sha512-R0XvVJ9WusLiqTCEiGCmICCMplcCkIwwR11mOSD9CR5u+IXYdiseeEuXCVAjS54zqwkLcPNnmU4OeJ6tUrWhDw==}
    engines: {node: '>=0.10.0'}
    dev: true

  /tabbable@6.2.0:
    resolution: {integrity: sha512-Cat63mxsVJlzYvN51JmVXIgNoUokrIaT2zLclCXjRd8boZ0004U4KCs/sToJ75C6sdlByWxpYnb5Boif1VSFew==}
    dev: true

  /to-fast-properties@2.0.0:
    resolution: {integrity: sha512-/OaKK0xYrs3DmxRYqL/yDc+FxFUVYhDlXMhRmv3z915w2HF1tnN1omB354j8VUGO/hbRzyD6Y3sA7v7GS/ceog==}
    engines: {node: '>=4'}
    dev: true

  /uuid@9.0.0:
    resolution: {integrity: sha512-MXcSTerfPa4uqyzStbRoTgt5XIe3x5+42+q1sDuy3R5MDk66URdLMOZe5aPX/SQd+kuYAh0FdP/pO28IkQyTeg==}
    hasBin: true
    dev: true

  /vue-demi@0.14.5(vue@3.3.4):
    resolution: {integrity: sha512-o9NUVpl/YlsGJ7t+xuqJKx8EBGf1quRhCiT6D/J0pfwmk9zUwYkC7yrF4SZCe6fETvSM3UNL2edcbYrSyc4QHA==}
    engines: {node: '>=12'}
    hasBin: true
    requiresBuild: true
    peerDependencies:
      '@vue/composition-api': ^1.0.0-rc.1
      vue: ^3.0.0-0 || ^2.6.0
    peerDependenciesMeta:
      '@vue/composition-api':
        optional: true
    dependencies:
      vue: 3.3.4
    dev: true

  /vue@3.3.4:
    resolution: {integrity: sha512-VTyEYn3yvIeY1Py0WaYGZsXnz3y5UnGi62GjVEqvEGPl6nxbOrCXbVOTQWBEJUqAyTUk2uJ5JLVnYJ6ZzGbrSw==}
    dependencies:
      '@vue/compiler-dom': 3.3.4
      '@vue/compiler-sfc': 3.3.4
      '@vue/runtime-dom': 3.3.4
      '@vue/server-renderer': 3.3.4(vue@3.3.4)
      '@vue/shared': 3.3.4
    dev: true
